
Microsoft Visual Studio Solution File, Format Version 12.00
# Visual Studio Version 16
VisualStudioVersion = 16.0.31112.23
MinimumVisualStudioVersion = 10.0.40219.1
Project("{9A19103F-16F7-4668-BE54-9A1E7A4F7556}") = "Practise", "Practise\Practise.csproj", "{24AC680A-4BBB-4DBA-B70E-69742865FAE6}"
EndProject
Project("{9A19103F-16F7-4668-BE54-9A1E7A4F7556}") = "SOLID", "SOLID\SOLID.csproj", "{EA9CD121-E107-426A-BEF6-1F0E3E476629}"
EndProject
Project("{9A19103F-16F7-4668-BE54-9A1E7A4F7556}") = "Calculator", "Calculator\Calculator.csproj", "{01A3B24C-1C2F-4553-BF48-6F966636419B}"
EndProject
Project("{FAE04EC0-301F-11D3-BF4B-00C04F79EFBC}") = "UnitTests", "UnitTests\UnitTests.csproj", "{3460349E-0151-48EB-B1BF-8902FDF7F2B9}"
EndProject
Global
	GlobalSection(SolutionConfigurationPlatforms) = preSolution
		Debug|Any CPU = Debug|Any CPU
		Release|Any CPU = Release|Any CPU
	EndGlobalSection
	GlobalSection(ProjectConfigurationPlatforms) = postSolution
		{24AC680A-4BBB-4DBA-B70E-69742865FAE6}.Debug|Any CPU.ActiveCfg = Debug|Any CPU
		{24AC680A-4BBB-4DBA-B70E-69742865FAE6}.Debug|Any CPU.Build.0 = Debug|Any CPU
		{24AC680A-4BBB-4DBA-B70E-69742865FAE6}.Release|Any CPU.ActiveCfg = Release|Any CPU
		{24AC680A-4BBB-4DBA-B70E-69742865FAE6}.Release|Any CPU.Build.0 = Release|Any CPU
		{EA9CD121-E107-426A-BEF6-1F0E3E476629}.Debug|Any CPU.ActiveCfg = Debug|Any CPU
		{EA9CD121-E107-426A-BEF6-1F0E3E476629}.Debug|Any CPU.Build.0 = Debug|Any CPU
		{EA9CD121-E107-426A-BEF6-1F0E3E476629}.Release|Any CPU.ActiveCfg = Release|Any CPU
		{EA9CD121-E107-426A-BEF6-1F0E3E476629}.Release|Any CPU.Build.0 = Release|Any CPU
		{01A3B24C-1C2F-4553-BF48-6F966636419B}.Debug|Any CPU.ActiveCfg = Debug|Any CPU
		{01A3B24C-1C2F-4553-BF48-6F966636419B}.Debug|Any CPU.Build.0 = Debug|Any CPU
		{01A3B24C-1C2F-4553-BF48-6F966636419B}.Release|Any CPU.ActiveCfg = Release|Any CPU
		{01A3B24C-1C2F-4553-BF48-6F966636419B}.Release|Any CPU.Build.0 = Release|Any CPU
		{3460349E-0151-48EB-B1BF-8902FDF7F2B9}.Debug|Any CPU.ActiveCfg = Debug|Any CPU
		{3460349E-0151-48EB-B1BF-8902FDF7F2B9}.Debug|Any CPU.Build.0 = Debug|Any CPU
		{3460349E-0151-48EB-B1BF-8902FDF7F2B9}.Release|Any CPU.ActiveCfg = Release|Any CPU
		{3460349E-0151-48EB-B1BF-8902FDF7F2B9}.Release|Any CPU.Build.0 = Release|Any CPU
	EndGlobalSection
	GlobalSection(SolutionProperties) = preSolution
		HideSolutionNode = FALSE
	EndGlobalSection
	GlobalSection(ExtensibilityGlobals) = postSolution
		SolutionGuid = {AA21BBD1-3369-46DE-A5E3-EC542CAC695D}
	EndGlobalSection
EndGlobal
